
Microsoft Visual Studio Solution File, Format Version 12.00
# Visual Studio 15
VisualStudioVersion = 15.0.27130.2027
MinimumVisualStudioVersion = 10.0.40219.1
Project("{FAE04EC0-301F-11D3-BF4B-00C04F79EFBC}") = "Litics.API", "Litics.API\Litics.API.csproj", "{C4539F5C-3D75-4C99-8520-3404C4631AAF}"
	ProjectSection(ProjectDependencies) = postProject
		{AE260C6A-A96C-4D44-9356-E2D9630291BA} = {AE260C6A-A96C-4D44-9356-E2D9630291BA}
		{C9E5B7D1-E1F0-411A-B02E-A9FA1265587E} = {C9E5B7D1-E1F0-411A-B02E-A9FA1265587E}
	EndProjectSection
EndProject
Project("{FAE04EC0-301F-11D3-BF4B-00C04F79EFBC}") = "Litics.DAL", "Litics.DAL\Litics.DAL.csproj", "{AE260C6A-A96C-4D44-9356-E2D9630291BA}"
	ProjectSection(ProjectDependencies) = postProject
		{C9E5B7D1-E1F0-411A-B02E-A9FA1265587E} = {C9E5B7D1-E1F0-411A-B02E-A9FA1265587E}
	EndProjectSection
EndProject
Project("{FAE04EC0-301F-11D3-BF4B-00C04F79EFBC}") = "Litics.Model", "Litics.Model\Litics.Model.csproj", "{C9E5B7D1-E1F0-411A-B02E-A9FA1265587E}"
EndProject
Global
	GlobalSection(SolutionConfigurationPlatforms) = preSolution
		Debug|Any CPU = Debug|Any CPU
		Release|Any CPU = Release|Any CPU
	EndGlobalSection
	GlobalSection(ProjectConfigurationPlatforms) = postSolution
		{C4539F5C-3D75-4C99-8520-3404C4631AAF}.Debug|Any CPU.ActiveCfg = Debug|Any CPU
		{C4539F5C-3D75-4C99-8520-3404C4631AAF}.Debug|Any CPU.Build.0 = Debug|Any CPU
		{C4539F5C-3D75-4C99-8520-3404C4631AAF}.Release|Any CPU.ActiveCfg = Release|Any CPU
		{C4539F5C-3D75-4C99-8520-3404C4631AAF}.Release|Any CPU.Build.0 = Release|Any CPU
		{AE260C6A-A96C-4D44-9356-E2D9630291BA}.Debug|Any CPU.ActiveCfg = Debug|Any CPU
		{AE260C6A-A96C-4D44-9356-E2D9630291BA}.Debug|Any CPU.Build.0 = Debug|Any CPU
		{AE260C6A-A96C-4D44-9356-E2D9630291BA}.Release|Any CPU.ActiveCfg = Release|Any CPU
		{AE260C6A-A96C-4D44-9356-E2D9630291BA}.Release|Any CPU.Build.0 = Release|Any CPU
		{C9E5B7D1-E1F0-411A-B02E-A9FA1265587E}.Debug|Any CPU.ActiveCfg = Debug|Any CPU
		{C9E5B7D1-E1F0-411A-B02E-A9FA1265587E}.Debug|Any CPU.Build.0 = Debug|Any CPU
		{C9E5B7D1-E1F0-411A-B02E-A9FA1265587E}.Release|Any CPU.ActiveCfg = Release|Any CPU
		{C9E5B7D1-E1F0-411A-B02E-A9FA1265587E}.Release|Any CPU.Build.0 = Release|Any CPU
	EndGlobalSection
	GlobalSection(SolutionProperties) = preSolution
		HideSolutionNode = FALSE
	EndGlobalSection
	GlobalSection(ExtensibilityGlobals) = postSolution
		SolutionGuid = {E7595B16-5874-4C81-9444-ED06BBB328C6}
	EndGlobalSection
EndGlobal
